// !$*UTF8*$!
{
	archiveVersion = 1;
	classes = {
	};
	objectVersion = 50;
	objects = {

/* Begin PBXBuildFile section */
		6214F674230D14F900D6FC0F /* AppDelegate.swift in Sources */ = {isa = PBXBuildFile; fileRef = 6214F673230D14F900D6FC0F /* AppDelegate.swift */; };
		6214F676230D14F900D6FC0F /* ViewController.swift in Sources */ = {isa = PBXBuildFile; fileRef = 6214F675230D14F900D6FC0F /* ViewController.swift */; };
		6214F679230D14F900D6FC0F /* Main.storyboard in Resources */ = {isa = PBXBuildFile; fileRef = 6214F677230D14F900D6FC0F /* Main.storyboard */; };
		6214F67B230D14FA00D6FC0F /* Assets.xcassets in Resources */ = {isa = PBXBuildFile; fileRef = 6214F67A230D14FA00D6FC0F /* Assets.xcassets */; };
		6214F67E230D14FA00D6FC0F /* LaunchScreen.storyboard in Resources */ = {isa = PBXBuildFile; fileRef = 6214F67C230D14FA00D6FC0F /* LaunchScreen.storyboard */; };
		6214F688230D1C5400D6FC0F /* MyObject.temp_caseinsensitive_rename.swift in Sources */ = {isa = PBXBuildFile; fileRef = 6214F687230D1C5400D6FC0F /* MyObject.temp_caseinsensitive_rename.swift */; };
		6214F68A230D21C000D6FC0F /* MyDelegate.swift in Sources */ = {isa = PBXBuildFile; fileRef = 6214F689230D21C000D6FC0F /* MyDelegate.swift */; };
		6214F68C230D2ABF00D6FC0F /* secViewController.swift in Sources */ = {isa = PBXBuildFile; fileRef = 6214F68B230D2ABF00D6FC0F /* secViewController.swift */; };
/* End PBXBuildFile section */

/* Begin PBXFileReference section */
		6214F670230D14F900D6FC0F /* MemoryLeak.app */ = {isa = PBXFileReference; explicitFileType = wrapper.application; includeInIndex = 0; path = MemoryLeak.app; sourceTree = BUILT_PRODUCTS_DIR; };
		6214F673230D14F900D6FC0F /* AppDelegate.swift */ = {isa = PBXFileReference; lastKnownFileType = sourcecode.swift; path = AppDelegate.swift; sourceTree = "<group>"; };
		6214F675230D14F900D6FC0F /* ViewController.swift */ = {isa = PBXFileReference; lastKnownFileType = sourcecode.swift; path = ViewController.swift; sourceTree = "<group>"; };
		6214F678230D14F900D6FC0F /* Base */ = {isa = PBXFileReference; lastKnownFileType = file.storyboard; name = Base; path = Base.lproj/Main.storyboard; sourceTree = "<group>"; };
		6214F67A230D14FA00D6FC0F /* Assets.xcassets */ = {isa = PBXFileReference; lastKnownFileType = folder.assetcatalog; path = Assets.xcassets; sourceTree = "<group>"; };
		6214F67D230D14FA00D6FC0F /* Base */ = {isa = PBXFileReference; lastKnownFileType = file.storyboard; name = Base; path = Base.lproj/LaunchScreen.storyboard; sourceTree = "<group>"; };
		6214F67F230D14FA00D6FC0F /* Info.plist */ = {isa = PBXFileReference; lastKnownFileType = text.plist.xml; path = Info.plist; sourceTree = "<group>"; };
		6214F687230D1C5400D6FC0F /* MyObject.temp_caseinsensitive_rename.swift */ = {isa = PBXFileReference; lastKnownFileType = sourcecode.swift; path = MyObject.temp_caseinsensitive_rename.swift; sourceTree = "<group>"; };
		6214F689230D21C000D6FC0F /* MyDelegate.swift */ = {isa = PBXFileReference; lastKnownFileType = sourcecode.swift; path = MyDelegate.swift; sourceTree = "<group>"; };
		6214F68B230D2ABF00D6FC0F /* secViewController.swift */ = {isa = PBXFileReference; lastKnownFileType = sourcecode.swift; path = secViewController.swift; sourceTree = "<group>"; };
/* End PBXFileReference section */

/* Begin PBXFrameworksBuildPhase section */
		6214F66D230D14F900D6FC0F /* Frameworks */ = {
			isa = PBXFrameworksBuildPhase;
			buildActionMask = 2147483647;
			files = (
			);
			runOnlyForDeploymentPostprocessing = 0;
		};
/* End PBXFrameworksBuildPhase section */

/* Begin PBXGroup section */
		6214F667230D14F900D6FC0F = {
			isa = PBXGroup;
			children = (
				6214F672230D14F900D6FC0F /* MemoryLeak */,
				6214F671230D14F900D6FC0F /* Products */,
			);
			sourceTree = "<group>";
		};
		6214F671230D14F900D6FC0F /* Products */ = {
			isa = PBXGroup;
			children = (
				6214F670230D14F900D6FC0F /* MemoryLeak.app */,
			);
			name = Products;
			sourceTree = "<group>";
		};
		6214F672230D14F900D6FC0F /* MemoryLeak */ = {
			isa = PBXGroup;
			children = (
				6214F687230D1C5400D6FC0F /* MyObject.temp_caseinsensitive_rename.swift */,
				6214F689230D21C000D6FC0F /* MyDelegate.swift */,
				6214F675230D14F900D6FC0F /* ViewController.swift */,
				6214F68B230D2ABF00D6FC0F /* secViewController.swift */,
				6214F673230D14F900D6FC0F /* AppDelegate.swift */,
				6214F677230D14F900D6FC0F /* Main.storyboard */,
				6214F67A230D14FA00D6FC0F /* Assets.xcassets */,
				6214F67C230D14FA00D6FC0F /* LaunchScreen.storyboard */,
				6214F67F230D14FA00D6FC0F /* Info.plist */,
			);
			path = MemoryLeak;
			sourceTree = "<group>";
		};
/* End PBXGroup section */

/* Begin PBXNativeTarget section */
		6214F66F230D14F900D6FC0F /* MemoryLeak */ = {
			isa = PBXNativeTarget;
			buildConfigurationList = 6214F682230D14FA00D6FC0F /* Build configuration list for PBXNativeTarget "MemoryLeak" */;
			buildPhases = (
				6214F66C230D14F900D6FC0F /* Sources */,
				6214F66D230D14F900D6FC0F /* Frameworks */,
				6214F66E230D14F900D6FC0F /* Resources */,
			);
			buildRules = (
			);
			dependencies = (
			);
			name = MemoryLeak;
			productName = MemoryLeak;
			productReference = 6214F670230D14F900D6FC0F /* MemoryLeak.app */;
			productType = "com.apple.product-type.application";
		};
/* End PBXNativeTarget section */

/* Begin PBXProject section */
		6214F668230D14F900D6FC0F /* Project object */ = {
			isa = PBXProject;
			attributes = {
				LastSwiftUpdateCheck = 1020;
				LastUpgradeCheck = 1020;
				ORGANIZATIONNAME = AmyYang;
				TargetAttributes = {
					6214F66F230D14F900D6FC0F = {
						CreatedOnToolsVersion = 10.2.1;
					};
				};
			};
			buildConfigurationList = 6214F66B230D14F900D6FC0F /* Build configuration list for PBXProject "MemoryLeak" */;
			compatibilityVersion = "Xcode 9.3";
			developmentRegion = en;
			hasScannedForEncodings = 0;
			knownRegions = (
				en,
				Base,
			);
			mainGroup = 6214F667230D14F900D6FC0F;
			productRefGroup = 6214F671230D14F900D6FC0F /* Products */;
			projectDirPath = "";
			projectRoot = "";
			targets = (
				6214F66F230D14F900D6FC0F /* MemoryLeak */,
			);
		};
/* End PBXProject section */

/* Begin PBXResourcesBuildPhase section */
		6214F66E230D14F900D6FC0F /* Resources */ = {
			isa = PBXResourcesBuildPhase;
			buildActionMask = 2147483647;
			files = (
				6214F67E230D14FA00D6FC0F /* LaunchScreen.storyboard in Resources */,
				6214F67B230D14FA00D6FC0F /* Assets.xcassets in Resources */,
				6214F679230D14F900D6FC0F /* Main.storyboard in Resources */,
			);
			runOnlyForDeploymentPostprocessing = 0;
		};
/* End PBXResourcesBuildPhase section */

/* Begin PBXSourcesBuildPhase section */
		6214F66C230D14F900D6FC0F /* Sources */ = {
			isa = PBXSourcesBuildPhase;
			buildActionMask = 2147483647;
			files = (
				6214F68A230D21C000D6FC0F /* MyDelegate.swift in Sources */,
				6214F676230D14F900D6FC0F /* ViewController.swift in Sources */,
				6214F674230D14F900D6FC0F /* AppDelegate.swift in Sources */,
				6214F68C230D2ABF00D6FC0F /* secViewController.swift in Sources */,
				6214F688230D1C5400D6FC0F /* MyObject.temp_caseinsensitive_rename.swift in Sources */,
			);
			runOnlyForDeploymentPostprocessing = 0;
		};
/* End PBXSourcesBuildPhase section */

/* Begin PBXVariantGroup section */
		6214F677230D14F900D6FC0F /* Main.storyboard */ = {
			isa = PBXVariantGroup;
			children = (
				6214F678230D14F900D6FC0F /* Base */,
			);
			name = Main.storyboard;
			sourceTree = "<group>";
		};
		6214F67C230D14FA00D6FC0F /* LaunchScreen.storyboard */ = {
			isa = PBXVariantGroup;
			children = (
				6214F67D230D14FA00D6FC0F /* Base */,
			);
			name = LaunchScreen.storyboard;
			sourceTree = "<group>";
		};
/* End PBXVariantGroup section */

/* Begin XCBuildConfiguration section */
		6214F680230D14FA00D6FC0F /* Debug */ = {
			isa = XCBuildConfiguration;
			buildSettings = {
				ALWAYS_SEARCH_USER_PATHS = NO;
				CLANG_ANALYZER_NONNULL = YES;
				CLANG_ANALYZER_NUMBER_OBJECT_CONVERSION = YES_AGGRESSIVE;
				CLANG_CXX_LANGUAGE_STANDARD = "gnu++14";
				CLANG_CXX_LIBRARY = "libc++";
				CLANG_ENABLE_MODULES = YES;
				CLANG_ENABLE_OBJC_ARC = YES;
				CLANG_ENABLE_OBJC_WEAK = YES;
				CLANG_WARN_BLOCK_CAPTURE_AUTORELEASING = YES;
				CLANG_WARN_BOOL_CONVERSION = YES;
				CLANG_WARN_COMMA = YES;
				CLANG_WARN_CONSTANT_CONVERSION = YES;
				CLANG_WARN_DEPRECATED_OBJC_IMPLEMENTATIONS = YES;
				CLANG_WARN_DIRECT_OBJC_ISA_USAGE = YES_ERROR;
				CLANG_WARN_DOCUMENTATION_COMMENTS = YES;
				CLANG_WARN_EMPTY_BODY = YES;
				CLANG_WARN_ENUM_CONVERSION = YES;
				CLANG_WARN_INFINITE_RECURSION = YES;
				CLANG_WARN_INT_CONVERSION = YES;
				CLANG_WARN_NON_LITERAL_NULL_CONVERSION = YES;
				CLANG_WARN_OBJC_IMPLICIT_RETAIN_SELF = YES;
				CLANG_WARN_OBJC_LITERAL_CONVERSION = YES;
				CLANG_WARN_OBJC_ROOT_CLASS = YES_ERROR;
				CLANG_WARN_RANGE_LOOP_ANALYSIS = YES;
				CLANG_WARN_STRICT_PROTOTYPES = YES;
				CLANG_WARN_SUSPICIOUS_MOVE = YES;
				CLANG_WARN_UNGUARDED_AVAILABILITY = YES_AGGRESSIVE;
				CLANG_WARN_UNREACHABLE_CODE = YES;
				CLANG_WARN__DUPLICATE_METHOD_MATCH = YES;
				CODE_SIGN_IDENTITY = "iPhone Developer";
				COPY_PHASE_STRIP = NO;
				DEBUG_INFORMATION_FORMAT = dwarf;
				ENABLE_STRICT_OBJC_MSGSEND = YES;
				ENABLE_TESTABILITY = YES;
				GCC_C_LANGUAGE_STANDARD = gnu11;
				GCC_DYNAMIC_NO_PIC = NO;
				GCC_NO_COMMON_BLOCKS = YES;
				GCC_OPTIMIZATION_LEVEL = 0;
				GCC_PREPROCESSOR_DEFINITIONS = (
					"DEBUG=1",
					"$(inherited)",
				);
				GCC_WARN_64_TO_32_BIT_CONVERSION = YES;
				GCC_WARN_ABOUT_RETURN_TYPE = YES_ERROR;
				GCC_WARN_UNDECLARED_SELECTOR = YES;
				GCC_WARN_UNINITIALIZED_AUTOS = YES_AGGRESSIVE;
				GCC_WARN_UNUSED_FUNCTION = YES;
				GCC_WARN_UNUSED_VARIABLE = YES;
				IPHONEOS_DEPLOYMENT_TARGET = 12.2;
				MTL_ENABLE_DEBUG_INFO = INCLUDE_SOURCE;
				MTL_FAST_MATH = YES;
				ONLY_ACTIVE_ARCH = YES;
				SDKROOT = iphoneos;
				SWIFT_ACTIVE_COMPILATION_CONDITIONS = DEBUG;
				SWIFT_OPTIMIZATION_LEVEL = "-Onone";
			};
			name = Debug;
		};
		6214F681230D14FA00D6FC0F /* Release */ = {
			isa = XCBuildConfiguration;
			buildSettings = {
				ALWAYS_SEARCH_USER_PATHS = NO;
				CLANG_ANALYZER_NONNULL = YES;
				CLANG_ANALYZER_NUMBER_OBJECT_CONVERSION = YES_AGGRESSIVE;
				CLANG_CXX_LANGUAGE_STANDARD = "gnu++14";
				CLANG_CXX_LIBRARY = "libc++";
				CLANG_ENABLE_MODULES = YES;
				CLANG_ENABLE_OBJC_ARC = YES;
				CLANG_ENABLE_OBJC_WEAK = YES;
				CLANG_WARN_BLOCK_CAPTURE_AUTORELEASING = YES;
				CLANG_WARN_BOOL_CONVERSION = YES;
				CLANG_WARN_COMMA = YES;
				CLANG_WARN_CONSTANT_CONVERSION = YES;
				CLANG_WARN_DEPRECATED_OBJC_IMPLEMENTATIONS = YES;
				CLANG_WARN_DIRECT_OBJC_ISA_USAGE = YES_ERROR;
				CLANG_WARN_DOCUMENTATION_COMMENTS = YES;
				CLANG_WARN_EMPTY_BODY = YES;
				CLANG_WARN_ENUM_CONVERSION = YES;
				CLANG_WARN_INFINITE_RECURSION = YES;
				CLANG_WARN_INT_CONVERSION = YES;
				CLANG_WARN_NON_LITERAL_NULL_CONVERSION = YES;
				CLANG_WARN_OBJC_IMPLICIT_RETAIN_SELF = YES;
				CLANG_WARN_OBJC_LITERAL_CONVERSION = YES;
				CLANG_WARN_OBJC_ROOT_CLASS = YES_ERROR;
				CLANG_WARN_RANGE_LOOP_ANALYSIS = YES;
				CLANG_WARN_STRICT_PROTOTYPES = YES;
				CLANG_WARN_SUSPICIOUS_MOVE = YES;
				CLANG_WARN_UNGUARDED_AVAILABILITY = YES_AGGRESSIVE;
				CLANG_WARN_UNREACHABLE_CODE = YES;
				CLANG_WARN__DUPLICATE_METHOD_MATCH = YES;
				CODE_SIGN_IDENTITY = "iPhone Developer";
				COPY_PHASE_STRIP = NO;
				DEBUG_INFORMATION_FORMAT = "dwarf-with-dsym";
				ENABLE_NS_ASSERTIONS = NO;
				ENABLE_STRICT_OBJC_MSGSEND = YES;
				GCC_C_LANGUAGE_STANDARD = gnu11;
				GCC_NO_COMMON_BLOCKS = YES;
				GCC_WARN_64_TO_32_BIT_CONVERSION = YES;
				GCC_WARN_ABOUT_RETURN_TYPE = YES_ERROR;
				GCC_WARN_UNDECLARED_SELECTOR = YES;
				GCC_WARN_UNINITIALIZED_AUTOS = YES_AGGRESSIVE;
				GCC_WARN_UNUSED_FUNCTION = YES;
				GCC_WARN_UNUSED_VARIABLE = YES;
				IPHONEOS_DEPLOYMENT_TARGET = 12.2;
				MTL_ENABLE_DEBUG_INFO = NO;
				MTL_FAST_MATH = YES;
				SDKROOT = iphoneos;
				SWIFT_COMPILATION_MODE = wholemodule;
				SWIFT_OPTIMIZATION_LEVEL = "-O";
				VALIDATE_PRODUCT = YES;
			};
			name = Release;
		};
		6214F683230D14FA00D6FC0F /* Debug */ = {
			isa = XCBuildConfiguration;
			buildSettings = {
				ASSETCATALOG_COMPILER_APPICON_NAME = AppIcon;
				CODE_SIGN_STYLE = Automatic;
				DEVELOPMENT_TEAM = 4MM6T8568W;
				INFOPLIST_FILE = MemoryLeak/Info.plist;
				LD_RUNPATH_SEARCH_PATHS = (
					"$(inherited)",
					"@executable_path/Frameworks",
				);
				PRODUCT_BUNDLE_IDENTIFIER = com.amyyang.MemoryLeak;
				PRODUCT_NAME = "$(TARGET_NAME)";
				SWIFT_VERSION = 5.0;
				TARGETED_DEVICE_FAMILY = "1,2";
			};
			name = Debug;
		};
		6214F684230D14FA00D6FC0F /* Release */ = {
			isa = XCBuildConfiguration;
			buildSettings = {
				ASSETCATALOG_COMPILER_APPICON_NAME = AppIcon;
				CODE_SIGN_STYLE = Automatic;
				DEVELOPMENT_TEAM = 4MM6T8568W;
				INFOPLIST_FILE = MemoryLeak/Info.plist;
				LD_RUNPATH_SEARCH_PATHS = (
					"$(inherited)",
					"@executable_path/Frameworks",
				);
				PRODUCT_BUNDLE_IDENTIFIER = com.amyyang.MemoryLeak;
				PRODUCT_NAME = "$(TARGET_NAME)";
				SWIFT_VERSION = 5.0;
				TARGETED_DEVICE_FAMILY = "1,2";
			};
			name = Release;
		};
/* End XCBuildConfiguration section */

/* Begin XCConfigurationList section */
		6214F66B230D14F900D6FC0F /* Build configuration list for PBXProject "MemoryLeak" */ = {
			isa = XCConfigurationList;
			buildConfigurations = (
				6214F680230D14FA00D6FC0F /* Debug */,
				6214F681230D14FA00D6FC0F /* Release */,
			);
			defaultConfigurationIsVisible = 0;
			defaultConfigurationName = Release;
		};
		6214F682230D14FA00D6FC0F /* Build configuration list for PBXNativeTarget "MemoryLeak" */ = {
			isa = XCConfigurationList;
			buildConfigurations = (
				6214F683230D14FA00D6FC0F /* Debug */,
				6214F684230D14FA00D6FC0F /* Release */,
			);
			defaultConfigurationIsVisible = 0;
			defaultConfigurationName = Release;
		};
/* End XCConfigurationList section */
	};
	rootObject = 6214F668230D14F900D6FC0F /* Project object */;
}
